
Microsoft Visual Studio Solution File, Format Version 12.00
# Visual Studio Version 17
VisualStudioVersion = 17.2.32630.192
MinimumVisualStudioVersion = 10.0.40219.1
Project("{9A19103F-16F7-4668-BE54-9A1E7A4F7556}") = "MvcProjeKampi", "MvcProjeKampi\MvcProjeKampi.csproj", "{9E3B9BA1-81C4-4B0A-B6B7-0CE803A3B003}"
EndProject
Project("{FAE04EC0-301F-11D3-BF4B-00C04F79EFBC}") = "BusinessLayer", "BusinessLayer\BusinessLayer.csproj", "{4A8BEA90-98C2-4389-9212-969537CB85A0}"
EndProject
Project("{FAE04EC0-301F-11D3-BF4B-00C04F79EFBC}") = "DataAccessLayer", "DataAccessLayer\DataAccessLayer.csproj", "{D0006DA2-E554-41F3-B4A1-BAB7FE7024F9}"
EndProject
Project("{FAE04EC0-301F-11D3-BF4B-00C04F79EFBC}") = "EntityLayer", "EntityLayer\EntityLayer.csproj", "{1E63642A-11A6-435B-A52E-584AE96E8645}"
EndProject
Project("{FAE04EC0-301F-11D3-BF4B-00C04F79EFBC}") = "CoreLayer", "CoreLayer\CoreLayer.csproj", "{D5D5ACAB-98A1-410B-82CF-3987101D151C}"
EndProject
Global
	GlobalSection(SolutionConfigurationPlatforms) = preSolution
		Debug|Any CPU = Debug|Any CPU
		Release|Any CPU = Release|Any CPU
	EndGlobalSection
	GlobalSection(ProjectConfigurationPlatforms) = postSolution
		{9E3B9BA1-81C4-4B0A-B6B7-0CE803A3B003}.Debug|Any CPU.ActiveCfg = Debug|Any CPU
		{9E3B9BA1-81C4-4B0A-B6B7-0CE803A3B003}.Debug|Any CPU.Build.0 = Debug|Any CPU
		{9E3B9BA1-81C4-4B0A-B6B7-0CE803A3B003}.Release|Any CPU.ActiveCfg = Release|Any CPU
		{9E3B9BA1-81C4-4B0A-B6B7-0CE803A3B003}.Release|Any CPU.Build.0 = Release|Any CPU
		{4A8BEA90-98C2-4389-9212-969537CB85A0}.Debug|Any CPU.ActiveCfg = Debug|Any CPU
		{4A8BEA90-98C2-4389-9212-969537CB85A0}.Debug|Any CPU.Build.0 = Debug|Any CPU
		{4A8BEA90-98C2-4389-9212-969537CB85A0}.Release|Any CPU.ActiveCfg = Release|Any CPU
		{4A8BEA90-98C2-4389-9212-969537CB85A0}.Release|Any CPU.Build.0 = Release|Any CPU
		{D0006DA2-E554-41F3-B4A1-BAB7FE7024F9}.Debug|Any CPU.ActiveCfg = Debug|Any CPU
		{D0006DA2-E554-41F3-B4A1-BAB7FE7024F9}.Debug|Any CPU.Build.0 = Debug|Any CPU
		{D0006DA2-E554-41F3-B4A1-BAB7FE7024F9}.Release|Any CPU.ActiveCfg = Release|Any CPU
		{D0006DA2-E554-41F3-B4A1-BAB7FE7024F9}.Release|Any CPU.Build.0 = Release|Any CPU
		{1E63642A-11A6-435B-A52E-584AE96E8645}.Debug|Any CPU.ActiveCfg = Debug|Any CPU
		{1E63642A-11A6-435B-A52E-584AE96E8645}.Debug|Any CPU.Build.0 = Debug|Any CPU
		{1E63642A-11A6-435B-A52E-584AE96E8645}.Release|Any CPU.ActiveCfg = Release|Any CPU
		{1E63642A-11A6-435B-A52E-584AE96E8645}.Release|Any CPU.Build.0 = Release|Any CPU
		{D5D5ACAB-98A1-410B-82CF-3987101D151C}.Debug|Any CPU.ActiveCfg = Debug|Any CPU
		{D5D5ACAB-98A1-410B-82CF-3987101D151C}.Debug|Any CPU.Build.0 = Debug|Any CPU
		{D5D5ACAB-98A1-410B-82CF-3987101D151C}.Release|Any CPU.ActiveCfg = Release|Any CPU
		{D5D5ACAB-98A1-410B-82CF-3987101D151C}.Release|Any CPU.Build.0 = Release|Any CPU
	EndGlobalSection
	GlobalSection(SolutionProperties) = preSolution
		HideSolutionNode = FALSE
	EndGlobalSection
	GlobalSection(ExtensibilityGlobals) = postSolution
		SolutionGuid = {B258130C-4552-4840-B0B0-535FF3CB359A}
	EndGlobalSection
EndGlobal
